
Microsoft Visual Studio Solution File, Format Version 12.00
# Visual Studio Version 17
VisualStudioVersion = 17.9.34607.119
MinimumVisualStudioVersion = 10.0.40219.1
Project("{9092AA53-FB77-4645-B42D-1CCCA6BD08BD}") = "CompraAtributosJujutsu", "CompraAtributosJujutsu\CompraAtributosJujutsu.njsproj", "{3F956C1B-AA2B-4B36-852D-27D334B6825F}"
EndProject
Global
	GlobalSection(SolutionConfigurationPlatforms) = preSolution
		Debug|Any CPU = Debug|Any CPU
		Release|Any CPU = Release|Any CPU
	EndGlobalSection
	GlobalSection(ProjectConfigurationPlatforms) = postSolution
		{3F956C1B-AA2B-4B36-852D-27D334B6825F}.Debug|Any CPU.ActiveCfg = Debug|Any CPU
		{3F956C1B-AA2B-4B36-852D-27D334B6825F}.Debug|Any CPU.Build.0 = Debug|Any CPU
		{3F956C1B-AA2B-4B36-852D-27D334B6825F}.Release|Any CPU.ActiveCfg = Release|Any CPU
		{3F956C1B-AA2B-4B36-852D-27D334B6825F}.Release|Any CPU.Build.0 = Release|Any CPU
	EndGlobalSection
	GlobalSection(SolutionProperties) = preSolution
		HideSolutionNode = FALSE
	EndGlobalSection
	GlobalSection(ExtensibilityGlobals) = postSolution
		SolutionGuid = {A285A34D-E292-4DC3-B77F-151C98812A01}
	EndGlobalSection
EndGlobal
